
Microsoft Visual Studio Solution File, Format Version 12.00
# Visual Studio 15
Project("{FAE04EC0-301F-11D3-BF4B-00C04F79EFBC}") = "Purgatory", "Assembly-CSharp.csproj", "{43D4A5BA-3656-137C-11E1-DF25BB510390}"
EndProject
Global
	GlobalSection(SolutionConfigurationPlatforms) = preSolution
		Debug|Any CPU = Debug|Any CPU
		Release|Any CPU = Release|Any CPU
	EndGlobalSection
	GlobalSection(ProjectConfigurationPlatforms) = postSolution
		{43D4A5BA-3656-137C-11E1-DF25BB510390}.Debug|Any CPU.ActiveCfg = Debug|Any CPU
		{43D4A5BA-3656-137C-11E1-DF25BB510390}.Debug|Any CPU.Build.0 = Debug|Any CPU
		{43D4A5BA-3656-137C-11E1-DF25BB510390}.Release|Any CPU.ActiveCfg = Release|Any CPU
		{43D4A5BA-3656-137C-11E1-DF25BB510390}.Release|Any CPU.Build.0 = Release|Any CPU
	EndGlobalSection
	GlobalSection(SolutionProperties) = preSolution
		HideSolutionNode = FALSE
	EndGlobalSection
EndGlobal
